
Microsoft Visual Studio Solution File, Format Version 12.00
# Visual Studio Version 16
VisualStudioVersion = 16.0.30320.27
MinimumVisualStudioVersion = 10.0.40219.1
Project("{FAE04EC0-301F-11D3-BF4B-00C04F79EFBC}") = "CustomSearch", "CustomSearch\CustomSearch.csproj", "{C4BEB152-99F3-47A7-BBE5-6EB3A52698F7}"
EndProject
Global
	GlobalSection(SolutionConfigurationPlatforms) = preSolution
		Debug|Any CPU = Debug|Any CPU
		Release|Any CPU = Release|Any CPU
	EndGlobalSection
	GlobalSection(ProjectConfigurationPlatforms) = postSolution
		{C4BEB152-99F3-47A7-BBE5-6EB3A52698F7}.Debug|Any CPU.ActiveCfg = Debug|Any CPU
		{C4BEB152-99F3-47A7-BBE5-6EB3A52698F7}.Debug|Any CPU.Build.0 = Debug|Any CPU
		{C4BEB152-99F3-47A7-BBE5-6EB3A52698F7}.Release|Any CPU.ActiveCfg = Release|Any CPU
		{C4BEB152-99F3-47A7-BBE5-6EB3A52698F7}.Release|Any CPU.Build.0 = Release|Any CPU
	EndGlobalSection
	GlobalSection(SolutionProperties) = preSolution
		HideSolutionNode = FALSE
	EndGlobalSection
	GlobalSection(ExtensibilityGlobals) = postSolution
		SolutionGuid = {6E2ABC96-FC91-406E-97DD-720B43BA883B}
	EndGlobalSection
EndGlobal
